// !$*UTF8*$!
{
	archiveVersion = 1;
	classes = {
	};
	objectVersion = 52;
	objects = {

/* Begin PBXBuildFile section */
		057CB011C79215B9EC94767F /* FullScreenInitializer.swift in Sources */ = {isa = PBXBuildFile; fileRef = A00AD06C82B3B1C89F26832C /* FullScreenInitializer.swift */; };
		0CB725432C7B65E6C3994912 /* ImagesRouterTests.swift in Sources */ = {isa = PBXBuildFile; fileRef = 6993EB36EC1F489ACF40F0DF /* ImagesRouterTests.swift */; };
		16EE7052038E01FFDBE2431D /* ImagesViewInput.swift in Sources */ = {isa = PBXBuildFile; fileRef = B5857F0F684E3ED76AAC0FAA /* ImagesViewInput.swift */; };
		1A08FD0420756E29008BB65F /* AccessTokenResponse.swift in Sources */ = {isa = PBXBuildFile; fileRef = 1A08FD0320756E29008BB65F /* AccessTokenResponse.swift */; };
		1A08FD0620756F05008BB65F /* ViewController.swift in Sources */ = {isa = PBXBuildFile; fileRef = 1A08FD0520756F05008BB65F /* ViewController.swift */; };
		1A2EB6EF258FA8E8004CBCA3 /* Kingfisher in Frameworks */ = {isa = PBXBuildFile; productRef = 1A2EB6EE258FA8E8004CBCA3 /* Kingfisher */; };
		1A49D8CC206C01FC0001FCD3 /* AppDelegate.swift in Sources */ = {isa = PBXBuildFile; fileRef = 1A49D8CB206C01FC0001FCD3 /* AppDelegate.swift */; };
		1A49D8D1206C01FC0001FCD3 /* Main.storyboard in Resources */ = {isa = PBXBuildFile; fileRef = 1A49D8CF206C01FC0001FCD3 /* Main.storyboard */; };
		1A49D8D3206C01FC0001FCD3 /* Assets.xcassets in Resources */ = {isa = PBXBuildFile; fileRef = 1A49D8D2206C01FC0001FCD3 /* Assets.xcassets */; };
		1A49D8D6206C01FC0001FCD3 /* LaunchScreen.storyboard in Resources */ = {isa = PBXBuildFile; fileRef = 1A49D8D4206C01FC0001FCD3 /* LaunchScreen.storyboard */; };
		1A49D8E1206C01FC0001FCD3 /* ImageSearchTests.swift in Sources */ = {isa = PBXBuildFile; fileRef = 1A49D8E0206C01FC0001FCD3 /* ImageSearchTests.swift */; };
		1A611F0B206D964A0043B084 /* SearchImageCell.swift in Sources */ = {isa = PBXBuildFile; fileRef = 1A611F0A206D964A0043B084 /* SearchImageCell.swift */; };
		1A611F0E2070D9420043B084 /* TwitterSearchService.swift in Sources */ = {isa = PBXBuildFile; fileRef = 1A611F0D2070D9420043B084 /* TwitterSearchService.swift */; };
		1A611F7E20727D920043B084 /* SearchResponse.swift in Sources */ = {isa = PBXBuildFile; fileRef = 1A611F7D20727D920043B084 /* SearchResponse.swift */; };
		1AA6F06120756C9200C75DA2 /* ErrrorCompletionActions.swift in Sources */ = {isa = PBXBuildFile; fileRef = 1AA6F06020756C9200C75DA2 /* ErrrorCompletionActions.swift */; };
		1F1471FB56C7B63CFAD75246 /* ImagesModuleInput.swift in Sources */ = {isa = PBXBuildFile; fileRef = 2D86A7D1CA558C5252B00AF3 /* ImagesModuleInput.swift */; };
		234F99FF21F3E2F229B74CB2 /* FullScreenViewOutput.swift in Sources */ = {isa = PBXBuildFile; fileRef = A2CA8A6D346D83A95ED8FF4F /* FullScreenViewOutput.swift */; };
		301597C0DA1A23726827D885 /* FullScreenViewController.swift in Sources */ = {isa = PBXBuildFile; fileRef = AEE3DAE6C0FE354A76E0D5B2 /* FullScreenViewController.swift */; };
		408B0F79FAC87C57A3FA94C0 /* ImagesViewController.swift in Sources */ = {isa = PBXBuildFile; fileRef = DC660ABA91BBE231353769BB /* ImagesViewController.swift */; };
		4494D2B401930619EDB15526 /* ImagesPresenter.swift in Sources */ = {isa = PBXBuildFile; fileRef = 46DD8811FF1C765947B84B96 /* ImagesPresenter.swift */; };
		4B712E30585D41D566AB0E3B /* FullScreenViewInput.swift in Sources */ = {isa = PBXBuildFile; fileRef = 9E63140B53191DCC65158A3D /* FullScreenViewInput.swift */; };
		58DBD880A7E20612973E2D7C /* FullScreenConfiguratorTests.swift in Sources */ = {isa = PBXBuildFile; fileRef = 8D8E6876FED0D2D97408C8C7 /* FullScreenConfiguratorTests.swift */; };
		62F7583A939C1DDD7887DA9E /* FullScreenConfigurator.swift in Sources */ = {isa = PBXBuildFile; fileRef = 38ECF08EDC2DA480209C0B8B /* FullScreenConfigurator.swift */; };
		689C83C50D955B00D405C87B /* ImagesPresenterTests.swift in Sources */ = {isa = PBXBuildFile; fileRef = A9EA9AA540FEBAF69445ADE0 /* ImagesPresenterTests.swift */; };
		6B0BB84AE10DC530AA78EFEE /* ImagesViewTests.swift in Sources */ = {isa = PBXBuildFile; fileRef = B823A21D579A8422DC17ACC7 /* ImagesViewTests.swift */; };
		6FBDC878FBF9DAB47C05C15E /* ImagesInteractor.swift in Sources */ = {isa = PBXBuildFile; fileRef = 624555A54881ADFFE91D3690 /* ImagesInteractor.swift */; };
		7613A6BDFAF1F9C4C359BE79 /* FullScreenRouterTests.swift in Sources */ = {isa = PBXBuildFile; fileRef = 224F120F871F5A89A45B6D26 /* FullScreenRouterTests.swift */; };
		7D8A4370EBE5615EAE28C853 /* ImagesInitializer.swift in Sources */ = {isa = PBXBuildFile; fileRef = ABB21A28BD9DD3F933B29370 /* ImagesInitializer.swift */; };
		8811B32E5A1DE187C0666372 /* FullScreenPresenter.swift in Sources */ = {isa = PBXBuildFile; fileRef = 1E26106550D9880FC4EC15CD /* FullScreenPresenter.swift */; };
		C452BF4E49A355C3771A5FF8 /* ImagesInteractorOutput.swift in Sources */ = {isa = PBXBuildFile; fileRef = A3D0A11A8C34335A5628602A /* ImagesInteractorOutput.swift */; };
		C5D56D7FBAAD3552155A7EDA /* ImagesConfigurator.swift in Sources */ = {isa = PBXBuildFile; fileRef = EDA7942364102F8992787958 /* ImagesConfigurator.swift */; };
		CCDC17015CAAD31CE1F1968B /* ImagesConfiguratorTests.swift in Sources */ = {isa = PBXBuildFile; fileRef = 7E7F43E8D59749D21DAA789A /* ImagesConfiguratorTests.swift */; };
		D20CE90CF1423A503B0DFB5B /* FullScreenViewTests.swift in Sources */ = {isa = PBXBuildFile; fileRef = 06299703F1193A02ADB44627 /* FullScreenViewTests.swift */; };
		D48ABDD6C89C6715D355F132 /* FullScreenModuleInput.swift in Sources */ = {isa = PBXBuildFile; fileRef = 86186F369483404BD922D8CB /* FullScreenModuleInput.swift */; };
		E06DB03B22066D528F3DDB65 /* ImagesInteractorTests.swift in Sources */ = {isa = PBXBuildFile; fileRef = 81840E1B2D9FD7C8F4FAD8D3 /* ImagesInteractorTests.swift */; };
		E8BC06FDC77458CEAE34E3F9 /* ImagesInteractorInput.swift in Sources */ = {isa = PBXBuildFile; fileRef = BDB9C1ECFD44D8BFD9A0CB5F /* ImagesInteractorInput.swift */; };
		F68BE5CB52E24446431ADF5C /* ImagesViewOutput.swift in Sources */ = {isa = PBXBuildFile; fileRef = 45B1F372DB09F6392B87E98B /* ImagesViewOutput.swift */; };
		FFC4457A7EA401321C5DD30E /* FullScreenPresenterTests.swift in Sources */ = {isa = PBXBuildFile; fileRef = 06423B8DFA87A4891E8DFC6F /* FullScreenPresenterTests.swift */; };
/* End PBXBuildFile section */

/* Begin PBXContainerItemProxy section */
		1A49D8DD206C01FC0001FCD3 /* PBXContainerItemProxy */ = {
			isa = PBXContainerItemProxy;
			containerPortal = 1A49D8C0206C01FC0001FCD3 /* Project object */;
			proxyType = 1;
			remoteGlobalIDString = 1A49D8C7206C01FC0001FCD3;
			remoteInfo = ImageSearch;
		};
/* End PBXContainerItemProxy section */

/* Begin PBXFileReference section */
		06299703F1193A02ADB44627 /* FullScreenViewTests.swift */ = {isa = PBXFileReference; includeInIndex = 1; lastKnownFileType = sourcecode.swift; path = FullScreenViewTests.swift; sourceTree = "<group>"; };
		06423B8DFA87A4891E8DFC6F /* FullScreenPresenterTests.swift */ = {isa = PBXFileReference; includeInIndex = 1; lastKnownFileType = sourcecode.swift; path = FullScreenPresenterTests.swift; sourceTree = "<group>"; };
		1A08FD0320756E29008BB65F /* AccessTokenResponse.swift */ = {isa = PBXFileReference; lastKnownFileType = sourcecode.swift; path = AccessTokenResponse.swift; sourceTree = "<group>"; };
		1A08FD0520756F05008BB65F /* ViewController.swift */ = {isa = PBXFileReference; lastKnownFileType = sourcecode.swift; path = ViewController.swift; sourceTree = "<group>"; };
		1A08FD0820757A64008BB65F /* README.md */ = {isa = PBXFileReference; lastKnownFileType = net.daringfireball.markdown; path = README.md; sourceTree = "<group>"; };
		1A49D8C8206C01FC0001FCD3 /* ImageSearch.app */ = {isa = PBXFileReference; explicitFileType = wrapper.application; includeInIndex = 0; path = ImageSearch.app; sourceTree = BUILT_PRODUCTS_DIR; };
		1A49D8CB206C01FC0001FCD3 /* AppDelegate.swift */ = {isa = PBXFileReference; lastKnownFileType = sourcecode.swift; path = AppDelegate.swift; sourceTree = "<group>"; };
		1A49D8D0206C01FC0001FCD3 /* Base */ = {isa = PBXFileReference; lastKnownFileType = file.storyboard; name = Base; path = Base.lproj/Main.storyboard; sourceTree = "<group>"; };
		1A49D8D2206C01FC0001FCD3 /* Assets.xcassets */ = {isa = PBXFileReference; lastKnownFileType = folder.assetcatalog; path = Assets.xcassets; sourceTree = "<group>"; };
		1A49D8D5206C01FC0001FCD3 /* Base */ = {isa = PBXFileReference; lastKnownFileType = file.storyboard; name = Base; path = Base.lproj/LaunchScreen.storyboard; sourceTree = "<group>"; };
		1A49D8D7206C01FC0001FCD3 /* Info.plist */ = {isa = PBXFileReference; lastKnownFileType = text.plist.xml; path = Info.plist; sourceTree = "<group>"; };
		1A49D8DC206C01FC0001FCD3 /* ImageSearchTests.xctest */ = {isa = PBXFileReference; explicitFileType = wrapper.cfbundle; includeInIndex = 0; path = ImageSearchTests.xctest; sourceTree = BUILT_PRODUCTS_DIR; };
		1A49D8E0206C01FC0001FCD3 /* ImageSearchTests.swift */ = {isa = PBXFileReference; lastKnownFileType = sourcecode.swift; path = ImageSearchTests.swift; sourceTree = "<group>"; };
		1A49D8E2206C01FC0001FCD3 /* Info.plist */ = {isa = PBXFileReference; lastKnownFileType = text.plist.xml; path = Info.plist; sourceTree = "<group>"; };
		1A611F0A206D964A0043B084 /* SearchImageCell.swift */ = {isa = PBXFileReference; lastKnownFileType = sourcecode.swift; path = SearchImageCell.swift; sourceTree = "<group>"; };
		1A611F0D2070D9420043B084 /* TwitterSearchService.swift */ = {isa = PBXFileReference; lastKnownFileType = sourcecode.swift; path = TwitterSearchService.swift; sourceTree = "<group>"; };
		1A611F0F207107220043B084 /* TASK.md */ = {isa = PBXFileReference; lastKnownFileType = net.daringfireball.markdown; path = TASK.md; sourceTree = "<group>"; };
		1A611F7D20727D920043B084 /* SearchResponse.swift */ = {isa = PBXFileReference; lastKnownFileType = sourcecode.swift; path = SearchResponse.swift; sourceTree = "<group>"; };
		1A611F802072B6AF0043B084 /* Kingfisher.framework */ = {isa = PBXFileReference; lastKnownFileType = wrapper.framework; name = Kingfisher.framework; path = Carthage/Build/iOS/Kingfisher.framework; sourceTree = "<group>"; };
		1AA6F06020756C9200C75DA2 /* ErrrorCompletionActions.swift */ = {isa = PBXFileReference; lastKnownFileType = sourcecode.swift; path = ErrrorCompletionActions.swift; sourceTree = "<group>"; };
		1E26106550D9880FC4EC15CD /* FullScreenPresenter.swift */ = {isa = PBXFileReference; includeInIndex = 1; lastKnownFileType = sourcecode.swift; path = FullScreenPresenter.swift; sourceTree = "<group>"; };
		224F120F871F5A89A45B6D26 /* FullScreenRouterTests.swift */ = {isa = PBXFileReference; includeInIndex = 1; lastKnownFileType = sourcecode.swift; path = FullScreenRouterTests.swift; sourceTree = "<group>"; };
		2D86A7D1CA558C5252B00AF3 /* ImagesModuleInput.swift */ = {isa = PBXFileReference; includeInIndex = 1; lastKnownFileType = sourcecode.swift; path = ImagesModuleInput.swift; sourceTree = "<group>"; };
		38ECF08EDC2DA480209C0B8B /* FullScreenConfigurator.swift */ = {isa = PBXFileReference; includeInIndex = 1; lastKnownFileType = sourcecode.swift; path = FullScreenConfigurator.swift; sourceTree = "<group>"; };
		45B1F372DB09F6392B87E98B /* ImagesViewOutput.swift */ = {isa = PBXFileReference; includeInIndex = 1; lastKnownFileType = sourcecode.swift; path = ImagesViewOutput.swift; sourceTree = "<group>"; };
		46DD8811FF1C765947B84B96 /* ImagesPresenter.swift */ = {isa = PBXFileReference; includeInIndex = 1; lastKnownFileType = sourcecode.swift; path = ImagesPresenter.swift; sourceTree = "<group>"; };
		624555A54881ADFFE91D3690 /* ImagesInteractor.swift */ = {isa = PBXFileReference; includeInIndex = 1; lastKnownFileType = sourcecode.swift; path = ImagesInteractor.swift; sourceTree = "<group>"; };
		6993EB36EC1F489ACF40F0DF /* ImagesRouterTests.swift */ = {isa = PBXFileReference; includeInIndex = 1; lastKnownFileType = sourcecode.swift; path = ImagesRouterTests.swift; sourceTree = "<group>"; };
		7E7F43E8D59749D21DAA789A /* ImagesConfiguratorTests.swift */ = {isa = PBXFileReference; includeInIndex = 1; lastKnownFileType = sourcecode.swift; path = ImagesConfiguratorTests.swift; sourceTree = "<group>"; };
		81840E1B2D9FD7C8F4FAD8D3 /* ImagesInteractorTests.swift */ = {isa = PBXFileReference; includeInIndex = 1; lastKnownFileType = sourcecode.swift; path = ImagesInteractorTests.swift; sourceTree = "<group>"; };
		86186F369483404BD922D8CB /* FullScreenModuleInput.swift */ = {isa = PBXFileReference; includeInIndex = 1; lastKnownFileType = sourcecode.swift; path = FullScreenModuleInput.swift; sourceTree = "<group>"; };
		8D8E6876FED0D2D97408C8C7 /* FullScreenConfiguratorTests.swift */ = {isa = PBXFileReference; includeInIndex = 1; lastKnownFileType = sourcecode.swift; path = FullScreenConfiguratorTests.swift; sourceTree = "<group>"; };
		9E63140B53191DCC65158A3D /* FullScreenViewInput.swift */ = {isa = PBXFileReference; includeInIndex = 1; lastKnownFileType = sourcecode.swift; path = FullScreenViewInput.swift; sourceTree = "<group>"; };
		A00AD06C82B3B1C89F26832C /* FullScreenInitializer.swift */ = {isa = PBXFileReference; includeInIndex = 1; lastKnownFileType = sourcecode.swift; path = FullScreenInitializer.swift; sourceTree = "<group>"; };
		A2CA8A6D346D83A95ED8FF4F /* FullScreenViewOutput.swift */ = {isa = PBXFileReference; includeInIndex = 1; lastKnownFileType = sourcecode.swift; path = FullScreenViewOutput.swift; sourceTree = "<group>"; };
		A3D0A11A8C34335A5628602A /* ImagesInteractorOutput.swift */ = {isa = PBXFileReference; includeInIndex = 1; lastKnownFileType = sourcecode.swift; path = ImagesInteractorOutput.swift; sourceTree = "<group>"; };
		A9EA9AA540FEBAF69445ADE0 /* ImagesPresenterTests.swift */ = {isa = PBXFileReference; includeInIndex = 1; lastKnownFileType = sourcecode.swift; path = ImagesPresenterTests.swift; sourceTree = "<group>"; };
		ABB21A28BD9DD3F933B29370 /* ImagesInitializer.swift */ = {isa = PBXFileReference; includeInIndex = 1; lastKnownFileType = sourcecode.swift; path = ImagesInitializer.swift; sourceTree = "<group>"; };
		AEE3DAE6C0FE354A76E0D5B2 /* FullScreenViewController.swift */ = {isa = PBXFileReference; includeInIndex = 1; lastKnownFileType = sourcecode.swift; path = FullScreenViewController.swift; sourceTree = "<group>"; };
		B5857F0F684E3ED76AAC0FAA /* ImagesViewInput.swift */ = {isa = PBXFileReference; includeInIndex = 1; lastKnownFileType = sourcecode.swift; path = ImagesViewInput.swift; sourceTree = "<group>"; };
		B823A21D579A8422DC17ACC7 /* ImagesViewTests.swift */ = {isa = PBXFileReference; includeInIndex = 1; lastKnownFileType = sourcecode.swift; path = ImagesViewTests.swift; sourceTree = "<group>"; };
		BDB9C1ECFD44D8BFD9A0CB5F /* ImagesInteractorInput.swift */ = {isa = PBXFileReference; includeInIndex = 1; lastKnownFileType = sourcecode.swift; path = ImagesInteractorInput.swift; sourceTree = "<group>"; };
		DC660ABA91BBE231353769BB /* ImagesViewController.swift */ = {isa = PBXFileReference; includeInIndex = 1; lastKnownFileType = sourcecode.swift; path = ImagesViewController.swift; sourceTree = "<group>"; };
		EDA7942364102F8992787958 /* ImagesConfigurator.swift */ = {isa = PBXFileReference; includeInIndex = 1; lastKnownFileType = sourcecode.swift; path = ImagesConfigurator.swift; sourceTree = "<group>"; };
/* End PBXFileReference section */

/* Begin PBXFrameworksBuildPhase section */
		1A49D8C5206C01FC0001FCD3 /* Frameworks */ = {
			isa = PBXFrameworksBuildPhase;
			buildActionMask = 2147483647;
			files = (
				1A2EB6EF258FA8E8004CBCA3 /* Kingfisher in Frameworks */,
			);
			runOnlyForDeploymentPostprocessing = 0;
		};
		1A49D8D9206C01FC0001FCD3 /* Frameworks */ = {
			isa = PBXFrameworksBuildPhase;
			buildActionMask = 2147483647;
			files = (
			);
			runOnlyForDeploymentPostprocessing = 0;
		};
/* End PBXFrameworksBuildPhase section */

/* Begin PBXGroup section */
		07A85948F67E0892D6E40314 /* Presenter */ = {
			isa = PBXGroup;
			children = (
				06423B8DFA87A4891E8DFC6F /* FullScreenPresenterTests.swift */,
			);
			path = Presenter;
			sourceTree = "<group>";
		};
		0C0BBBED8A91CA8A1FEBBF78 /* Images */ = {
			isa = PBXGroup;
			children = (
				CCE1E1A1A89C9DAD128B5BB4 /* Configurator */,
				F1B15AE68406FA1402325B65 /* View */,
				E3106959B0BDD40E058BB7EE /* Interactor */,
				40F34058AD92DEA4029B224C /* Presenter */,
				8C5BDF642FF09294E26AFCD8 /* Router */,
			);
			path = Images;
			sourceTree = "<group>";
		};
		1A49D8BF206C01FC0001FCD3 = {
			isa = PBXGroup;
			children = (
				1A08FD0820757A64008BB65F /* README.md */,
				1A611F0F207107220043B084 /* TASK.md */,
				1A49D8CA206C01FC0001FCD3 /* ImageSearch */,
				1A49D8DF206C01FC0001FCD3 /* ImageSearchTests */,
				1A49D8C9206C01FC0001FCD3 /* Products */,
				1A611F7F2072B6AE0043B084 /* Frameworks */,
			);
			sourceTree = "<group>";
		};
		1A49D8C9206C01FC0001FCD3 /* Products */ = {
			isa = PBXGroup;
			children = (
				1A49D8C8206C01FC0001FCD3 /* ImageSearch.app */,
				1A49D8DC206C01FC0001FCD3 /* ImageSearchTests.xctest */,
			);
			name = Products;
			sourceTree = "<group>";
		};
		1A49D8CA206C01FC0001FCD3 /* ImageSearch */ = {
			isa = PBXGroup;
			children = (
				1AA6F05F20756C6700C75DA2 /* Utils */,
				1A611F0C2070D9200043B084 /* Services */,
				5199AA7367B4C3B127D145CF /* Modules */,
				1A49D8CB206C01FC0001FCD3 /* AppDelegate.swift */,
				1A49D8CF206C01FC0001FCD3 /* Main.storyboard */,
				1A49D8D2206C01FC0001FCD3 /* Assets.xcassets */,
				1A49D8D4206C01FC0001FCD3 /* LaunchScreen.storyboard */,
				1A49D8D7206C01FC0001FCD3 /* Info.plist */,
			);
			path = ImageSearch;
			sourceTree = "<group>";
		};
		1A49D8DF206C01FC0001FCD3 /* ImageSearchTests */ = {
			isa = PBXGroup;
			children = (
				1A49D8E0206C01FC0001FCD3 /* ImageSearchTests.swift */,
				1A49D8E2206C01FC0001FCD3 /* Info.plist */,
				0C0BBBED8A91CA8A1FEBBF78 /* Images */,
				BA8C6702D8C6C49A84837958 /* FullScreen */,
			);
			path = ImageSearchTests;
			sourceTree = "<group>";
		};
		1A611F0C2070D9200043B084 /* Services */ = {
			isa = PBXGroup;
			children = (
				1A611F32207173190043B084 /* Models */,
				1A611F0D2070D9420043B084 /* TwitterSearchService.swift */,
			);
			path = Services;
			sourceTree = "<group>";
		};
		1A611F32207173190043B084 /* Models */ = {
			isa = PBXGroup;
			children = (
				1A611F7D20727D920043B084 /* SearchResponse.swift */,
				1A08FD0320756E29008BB65F /* AccessTokenResponse.swift */,
			);
			path = Models;
			sourceTree = "<group>";
		};
		1A611F7F2072B6AE0043B084 /* Frameworks */ = {
			isa = PBXGroup;
			children = (
				1A611F802072B6AF0043B084 /* Kingfisher.framework */,
			);
			name = Frameworks;
			sourceTree = "<group>";
		};
		1AA6F05F20756C6700C75DA2 /* Utils */ = {
			isa = PBXGroup;
			children = (
				1AA6F06020756C9200C75DA2 /* ErrrorCompletionActions.swift */,
				1A08FD0520756F05008BB65F /* ViewController.swift */,
			);
			path = Utils;
			sourceTree = "<group>";
		};
		2BEB77B67058E47E3D45BF20 /* FullScreen */ = {
			isa = PBXGroup;
			children = (
				497DE62CAD6578C190A32D55 /* View */,
				86CD36723C4B65EF41D8002C /* Presenter */,
				3FE07D302F43644E28E8C938 /* Configurator */,
			);
			path = FullScreen;
			sourceTree = "<group>";
		};
		30AD67309466D4422B9F2416 /* Interactor */ = {
			isa = PBXGroup;
			children = (
				BDB9C1ECFD44D8BFD9A0CB5F /* ImagesInteractorInput.swift */,
				A3D0A11A8C34335A5628602A /* ImagesInteractorOutput.swift */,
				624555A54881ADFFE91D3690 /* ImagesInteractor.swift */,
			);
			path = Interactor;
			sourceTree = "<group>";
		};
		3AD5142AD29D4E419744EF4B /* Presenter */ = {
			isa = PBXGroup;
			children = (
				2D86A7D1CA558C5252B00AF3 /* ImagesModuleInput.swift */,
				46DD8811FF1C765947B84B96 /* ImagesPresenter.swift */,
			);
			path = Presenter;
			sourceTree = "<group>";
		};
		3FE07D302F43644E28E8C938 /* Configurator */ = {
			isa = PBXGroup;
			children = (
				38ECF08EDC2DA480209C0B8B /* FullScreenConfigurator.swift */,
				A00AD06C82B3B1C89F26832C /* FullScreenInitializer.swift */,
			);
			path = Configurator;
			sourceTree = "<group>";
		};
		40F34058AD92DEA4029B224C /* Presenter */ = {
			isa = PBXGroup;
			children = (
				A9EA9AA540FEBAF69445ADE0 /* ImagesPresenterTests.swift */,
			);
			path = Presenter;
			sourceTree = "<group>";
		};
		497DE62CAD6578C190A32D55 /* View */ = {
			isa = PBXGroup;
			children = (
				9E63140B53191DCC65158A3D /* FullScreenViewInput.swift */,
				A2CA8A6D346D83A95ED8FF4F /* FullScreenViewOutput.swift */,
				AEE3DAE6C0FE354A76E0D5B2 /* FullScreenViewController.swift */,
			);
			path = View;
			sourceTree = "<group>";
		};
		4DD1D812FEF44EAF9F71D447 /* View */ = {
			isa = PBXGroup;
			children = (
				06299703F1193A02ADB44627 /* FullScreenViewTests.swift */,
			);
			path = View;
			sourceTree = "<group>";
		};
		5199AA7367B4C3B127D145CF /* Modules */ = {
			isa = PBXGroup;
			children = (
				F19EF739859AA9110C8DEC66 /* Images */,
				2BEB77B67058E47E3D45BF20 /* FullScreen */,
			);
			path = Modules;
			sourceTree = "<group>";
		};
		55034876C4147E7EBA26EDFB /* Router */ = {
			isa = PBXGroup;
			children = (
				224F120F871F5A89A45B6D26 /* FullScreenRouterTests.swift */,
			);
			path = Router;
			sourceTree = "<group>";
		};
		86CD36723C4B65EF41D8002C /* Presenter */ = {
			isa = PBXGroup;
			children = (
				86186F369483404BD922D8CB /* FullScreenModuleInput.swift */,
				1E26106550D9880FC4EC15CD /* FullScreenPresenter.swift */,
			);
			path = Presenter;
			sourceTree = "<group>";
		};
		8C5BDF642FF09294E26AFCD8 /* Router */ = {
			isa = PBXGroup;
			children = (
				6993EB36EC1F489ACF40F0DF /* ImagesRouterTests.swift */,
			);
			path = Router;
			sourceTree = "<group>";
		};
		923A77D2C64C95316D95901D /* Configurator */ = {
			isa = PBXGroup;
			children = (
				EDA7942364102F8992787958 /* ImagesConfigurator.swift */,
				ABB21A28BD9DD3F933B29370 /* ImagesInitializer.swift */,
			);
			path = Configurator;
			sourceTree = "<group>";
		};
		BA8C6702D8C6C49A84837958 /* FullScreen */ = {
			isa = PBXGroup;
			children = (
				CA47E8ABE89544BD2425E961 /* Configurator */,
				4DD1D812FEF44EAF9F71D447 /* View */,
				07A85948F67E0892D6E40314 /* Presenter */,
				55034876C4147E7EBA26EDFB /* Router */,
			);
			path = FullScreen;
			sourceTree = "<group>";
		};
		CA47E8ABE89544BD2425E961 /* Configurator */ = {
			isa = PBXGroup;
			children = (
				8D8E6876FED0D2D97408C8C7 /* FullScreenConfiguratorTests.swift */,
			);
			path = Configurator;
			sourceTree = "<group>";
		};
		CCE1E1A1A89C9DAD128B5BB4 /* Configurator */ = {
			isa = PBXGroup;
			children = (
				7E7F43E8D59749D21DAA789A /* ImagesConfiguratorTests.swift */,
			);
			path = Configurator;
			sourceTree = "<group>";
		};
		D37D443628C43CB6DB89563F /* View */ = {
			isa = PBXGroup;
			children = (
				B5857F0F684E3ED76AAC0FAA /* ImagesViewInput.swift */,
				45B1F372DB09F6392B87E98B /* ImagesViewOutput.swift */,
				DC660ABA91BBE231353769BB /* ImagesViewController.swift */,
				1A611F0A206D964A0043B084 /* SearchImageCell.swift */,
			);
			path = View;
			sourceTree = "<group>";
		};
		E3106959B0BDD40E058BB7EE /* Interactor */ = {
			isa = PBXGroup;
			children = (
				81840E1B2D9FD7C8F4FAD8D3 /* ImagesInteractorTests.swift */,
			);
			path = Interactor;
			sourceTree = "<group>";
		};
		F19EF739859AA9110C8DEC66 /* Images */ = {
			isa = PBXGroup;
			children = (
				D37D443628C43CB6DB89563F /* View */,
				3AD5142AD29D4E419744EF4B /* Presenter */,
				30AD67309466D4422B9F2416 /* Interactor */,
				923A77D2C64C95316D95901D /* Configurator */,
			);
			path = Images;
			sourceTree = "<group>";
		};
		F1B15AE68406FA1402325B65 /* View */ = {
			isa = PBXGroup;
			children = (
				B823A21D579A8422DC17ACC7 /* ImagesViewTests.swift */,
			);
			path = View;
			sourceTree = "<group>";
		};
/* End PBXGroup section */

/* Begin PBXNativeTarget section */
		1A49D8C7206C01FC0001FCD3 /* ImageSearch */ = {
			isa = PBXNativeTarget;
			buildConfigurationList = 1A49D8E5206C01FC0001FCD3 /* Build configuration list for PBXNativeTarget "ImageSearch" */;
			buildPhases = (
				1A49D8C4206C01FC0001FCD3 /* Sources */,
				1A49D8C5206C01FC0001FCD3 /* Frameworks */,
				1A49D8C6206C01FC0001FCD3 /* Resources */,
				1A08FD07207573C2008BB65F /* Taylor */,
			);
			buildRules = (
			);
			dependencies = (
			);
			name = ImageSearch;
			packageProductDependencies = (
				1A2EB6EE258FA8E8004CBCA3 /* Kingfisher */,
			);
			productName = ImageSearch;
			productReference = 1A49D8C8206C01FC0001FCD3 /* ImageSearch.app */;
			productType = "com.apple.product-type.application";
		};
		1A49D8DB206C01FC0001FCD3 /* ImageSearchTests */ = {
			isa = PBXNativeTarget;
			buildConfigurationList = 1A49D8E8206C01FC0001FCD3 /* Build configuration list for PBXNativeTarget "ImageSearchTests" */;
			buildPhases = (
				1A49D8D8206C01FC0001FCD3 /* Sources */,
				1A49D8D9206C01FC0001FCD3 /* Frameworks */,
				1A49D8DA206C01FC0001FCD3 /* Resources */,
			);
			buildRules = (
			);
			dependencies = (
				1A49D8DE206C01FC0001FCD3 /* PBXTargetDependency */,
			);
			name = ImageSearchTests;
			productName = ImageSearchTests;
			productReference = 1A49D8DC206C01FC0001FCD3 /* ImageSearchTests.xctest */;
			productType = "com.apple.product-type.bundle.unit-test";
		};
/* End PBXNativeTarget section */

/* Begin PBXProject section */
		1A49D8C0206C01FC0001FCD3 /* Project object */ = {
			isa = PBXProject;
			attributes = {
				LastSwiftUpdateCheck = 0920;
				LastUpgradeCheck = 0920;
				ORGANIZATIONNAME = Paysafe;
				TargetAttributes = {
					1A49D8C7206C01FC0001FCD3 = {
						CreatedOnToolsVersion = 9.2;
						ProvisioningStyle = Automatic;
					};
					1A49D8DB206C01FC0001FCD3 = {
						CreatedOnToolsVersion = 9.2;
						ProvisioningStyle = Automatic;
						TestTargetID = 1A49D8C7206C01FC0001FCD3;
					};
				};
			};
			buildConfigurationList = 1A49D8C3206C01FC0001FCD3 /* Build configuration list for PBXProject "ImageSearch" */;
			compatibilityVersion = "Xcode 8.0";
			developmentRegion = en;
			hasScannedForEncodings = 0;
			knownRegions = (
				en,
				Base,
			);
			mainGroup = 1A49D8BF206C01FC0001FCD3;
			packageReferences = (
				1A2EB6ED258FA8E8004CBCA3 /* XCRemoteSwiftPackageReference "Kingfisher" */,
			);
			productRefGroup = 1A49D8C9206C01FC0001FCD3 /* Products */;
			projectDirPath = "";
			projectRoot = "";
			targets = (
				1A49D8C7206C01FC0001FCD3 /* ImageSearch */,
				1A49D8DB206C01FC0001FCD3 /* ImageSearchTests */,
			);
		};
/* End PBXProject section */

/* Begin PBXResourcesBuildPhase section */
		1A49D8C6206C01FC0001FCD3 /* Resources */ = {
			isa = PBXResourcesBuildPhase;
			buildActionMask = 2147483647;
			files = (
				1A49D8D6206C01FC0001FCD3 /* LaunchScreen.storyboard in Resources */,
				1A49D8D3206C01FC0001FCD3 /* Assets.xcassets in Resources */,
				1A49D8D1206C01FC0001FCD3 /* Main.storyboard in Resources */,
			);
			runOnlyForDeploymentPostprocessing = 0;
		};
		1A49D8DA206C01FC0001FCD3 /* Resources */ = {
			isa = PBXResourcesBuildPhase;
			buildActionMask = 2147483647;
			files = (
			);
			runOnlyForDeploymentPostprocessing = 0;
		};
/* End PBXResourcesBuildPhase section */

/* Begin PBXShellScriptBuildPhase section */
		1A08FD07207573C2008BB65F /* Taylor */ = {
			isa = PBXShellScriptBuildPhase;
			buildActionMask = 2147483647;
			files = (
			);
			inputPaths = (
			);
			name = Taylor;
			outputPaths = (
			);
			runOnlyForDeploymentPostprocessing = 0;
			shellPath = /bin/sh;
			shellScript = "if hash tailor 2>/dev/null; then\n    tailor\nelse\n    echo \"warning: Please install Tailor from https://tailor.sh\"\nfi\n";
		};
/* End PBXShellScriptBuildPhase section */

/* Begin PBXSourcesBuildPhase section */
		1A49D8C4206C01FC0001FCD3 /* Sources */ = {
			isa = PBXSourcesBuildPhase;
			buildActionMask = 2147483647;
			files = (
				1A49D8CC206C01FC0001FCD3 /* AppDelegate.swift in Sources */,
				16EE7052038E01FFDBE2431D /* ImagesViewInput.swift in Sources */,
				F68BE5CB52E24446431ADF5C /* ImagesViewOutput.swift in Sources */,
				408B0F79FAC87C57A3FA94C0 /* ImagesViewController.swift in Sources */,
				1F1471FB56C7B63CFAD75246 /* ImagesModuleInput.swift in Sources */,
				4494D2B401930619EDB15526 /* ImagesPresenter.swift in Sources */,
				E8BC06FDC77458CEAE34E3F9 /* ImagesInteractorInput.swift in Sources */,
				1AA6F06120756C9200C75DA2 /* ErrrorCompletionActions.swift in Sources */,
				1A08FD0620756F05008BB65F /* ViewController.swift in Sources */,
				1A611F0E2070D9420043B084 /* TwitterSearchService.swift in Sources */,
				C452BF4E49A355C3771A5FF8 /* ImagesInteractorOutput.swift in Sources */,
				6FBDC878FBF9DAB47C05C15E /* ImagesInteractor.swift in Sources */,
				1A611F0B206D964A0043B084 /* SearchImageCell.swift in Sources */,
				1A611F7E20727D920043B084 /* SearchResponse.swift in Sources */,
				C5D56D7FBAAD3552155A7EDA /* ImagesConfigurator.swift in Sources */,
				7D8A4370EBE5615EAE28C853 /* ImagesInitializer.swift in Sources */,
				4B712E30585D41D566AB0E3B /* FullScreenViewInput.swift in Sources */,
				234F99FF21F3E2F229B74CB2 /* FullScreenViewOutput.swift in Sources */,
				301597C0DA1A23726827D885 /* FullScreenViewController.swift in Sources */,
				D48ABDD6C89C6715D355F132 /* FullScreenModuleInput.swift in Sources */,
				8811B32E5A1DE187C0666372 /* FullScreenPresenter.swift in Sources */,
				1A08FD0420756E29008BB65F /* AccessTokenResponse.swift in Sources */,
				62F7583A939C1DDD7887DA9E /* FullScreenConfigurator.swift in Sources */,
				057CB011C79215B9EC94767F /* FullScreenInitializer.swift in Sources */,
			);
			runOnlyForDeploymentPostprocessing = 0;
		};
		1A49D8D8206C01FC0001FCD3 /* Sources */ = {
			isa = PBXSourcesBuildPhase;
			buildActionMask = 2147483647;
			files = (
				1A49D8E1206C01FC0001FCD3 /* ImageSearchTests.swift in Sources */,
				CCDC17015CAAD31CE1F1968B /* ImagesConfiguratorTests.swift in Sources */,
				6B0BB84AE10DC530AA78EFEE /* ImagesViewTests.swift in Sources */,
				E06DB03B22066D528F3DDB65 /* ImagesInteractorTests.swift in Sources */,
				689C83C50D955B00D405C87B /* ImagesPresenterTests.swift in Sources */,
				0CB725432C7B65E6C3994912 /* ImagesRouterTests.swift in Sources */,
				58DBD880A7E20612973E2D7C /* FullScreenConfiguratorTests.swift in Sources */,
				D20CE90CF1423A503B0DFB5B /* FullScreenViewTests.swift in Sources */,
				FFC4457A7EA401321C5DD30E /* FullScreenPresenterTests.swift in Sources */,
				7613A6BDFAF1F9C4C359BE79 /* FullScreenRouterTests.swift in Sources */,
			);
			runOnlyForDeploymentPostprocessing = 0;
		};
/* End PBXSourcesBuildPhase section */

/* Begin PBXTargetDependency section */
		1A49D8DE206C01FC0001FCD3 /* PBXTargetDependency */ = {
			isa = PBXTargetDependency;
			target = 1A49D8C7206C01FC0001FCD3 /* ImageSearch */;
			targetProxy = 1A49D8DD206C01FC0001FCD3 /* PBXContainerItemProxy */;
		};
/* End PBXTargetDependency section */

/* Begin PBXVariantGroup section */
		1A49D8CF206C01FC0001FCD3 /* Main.storyboard */ = {
			isa = PBXVariantGroup;
			children = (
				1A49D8D0206C01FC0001FCD3 /* Base */,
			);
			name = Main.storyboard;
			sourceTree = "<group>";
		};
		1A49D8D4206C01FC0001FCD3 /* LaunchScreen.storyboard */ = {
			isa = PBXVariantGroup;
			children = (
				1A49D8D5206C01FC0001FCD3 /* Base */,
			);
			name = LaunchScreen.storyboard;
			sourceTree = "<group>";
		};
/* End PBXVariantGroup section */

/* Begin XCBuildConfiguration section */
		1A49D8E3206C01FC0001FCD3 /* Debug */ = {
			isa = XCBuildConfiguration;
			buildSettings = {
				ALWAYS_SEARCH_USER_PATHS = NO;
				CLANG_ANALYZER_NONNULL = YES;
				CLANG_ANALYZER_NUMBER_OBJECT_CONVERSION = YES_AGGRESSIVE;
				CLANG_CXX_LANGUAGE_STANDARD = "gnu++14";
				CLANG_CXX_LIBRARY = "libc++";
				CLANG_ENABLE_MODULES = YES;
				CLANG_ENABLE_OBJC_ARC = YES;
				CLANG_WARN_BLOCK_CAPTURE_AUTORELEASING = YES;
				CLANG_WARN_BOOL_CONVERSION = YES;
				CLANG_WARN_COMMA = YES;
				CLANG_WARN_CONSTANT_CONVERSION = YES;
				CLANG_WARN_DIRECT_OBJC_ISA_USAGE = YES_ERROR;
				CLANG_WARN_DOCUMENTATION_COMMENTS = YES;
				CLANG_WARN_EMPTY_BODY = YES;
				CLANG_WARN_ENUM_CONVERSION = YES;
				CLANG_WARN_INFINITE_RECURSION = YES;
				CLANG_WARN_INT_CONVERSION = YES;
				CLANG_WARN_NON_LITERAL_NULL_CONVERSION = YES;
				CLANG_WARN_OBJC_LITERAL_CONVERSION = YES;
				CLANG_WARN_OBJC_ROOT_CLASS = YES_ERROR;
				CLANG_WARN_RANGE_LOOP_ANALYSIS = YES;
				CLANG_WARN_STRICT_PROTOTYPES = YES;
				CLANG_WARN_SUSPICIOUS_MOVE = YES;
				CLANG_WARN_UNGUARDED_AVAILABILITY = YES_AGGRESSIVE;
				CLANG_WARN_UNREACHABLE_CODE = YES;
				CLANG_WARN__DUPLICATE_METHOD_MATCH = YES;
				CODE_SIGN_IDENTITY = "iPhone Developer";
				COPY_PHASE_STRIP = NO;
				DEBUG_INFORMATION_FORMAT = dwarf;
				ENABLE_STRICT_OBJC_MSGSEND = YES;
				ENABLE_TESTABILITY = YES;
				GCC_C_LANGUAGE_STANDARD = gnu11;
				GCC_DYNAMIC_NO_PIC = NO;
				GCC_NO_COMMON_BLOCKS = YES;
				GCC_OPTIMIZATION_LEVEL = 0;
				GCC_PREPROCESSOR_DEFINITIONS = (
					"DEBUG=1",
					"$(inherited)",
				);
				GCC_WARN_64_TO_32_BIT_CONVERSION = YES;
				GCC_WARN_ABOUT_RETURN_TYPE = YES_ERROR;
				GCC_WARN_UNDECLARED_SELECTOR = YES;
				GCC_WARN_UNINITIALIZED_AUTOS = YES_AGGRESSIVE;
				GCC_WARN_UNUSED_FUNCTION = YES;
				GCC_WARN_UNUSED_VARIABLE = YES;
				IPHONEOS_DEPLOYMENT_TARGET = 11.2;
				MTL_ENABLE_DEBUG_INFO = YES;
				ONLY_ACTIVE_ARCH = YES;
				SDKROOT = iphoneos;
				SWIFT_ACTIVE_COMPILATION_CONDITIONS = DEBUG;
				SWIFT_OPTIMIZATION_LEVEL = "-Onone";
			};
			name = Debug;
		};
		1A49D8E4206C01FC0001FCD3 /* Release */ = {
			isa = XCBuildConfiguration;
			buildSettings = {
				ALWAYS_SEARCH_USER_PATHS = NO;
				CLANG_ANALYZER_NONNULL = YES;
				CLANG_ANALYZER_NUMBER_OBJECT_CONVERSION = YES_AGGRESSIVE;
				CLANG_CXX_LANGUAGE_STANDARD = "gnu++14";
				CLANG_CXX_LIBRARY = "libc++";
				CLANG_ENABLE_MODULES = YES;
				CLANG_ENABLE_OBJC_ARC = YES;
				CLANG_WARN_BLOCK_CAPTURE_AUTORELEASING = YES;
				CLANG_WARN_BOOL_CONVERSION = YES;
				CLANG_WARN_COMMA = YES;
				CLANG_WARN_CONSTANT_CONVERSION = YES;
				CLANG_WARN_DIRECT_OBJC_ISA_USAGE = YES_ERROR;
				CLANG_WARN_DOCUMENTATION_COMMENTS = YES;
				CLANG_WARN_EMPTY_BODY = YES;
				CLANG_WARN_ENUM_CONVERSION = YES;
				CLANG_WARN_INFINITE_RECURSION = YES;
				CLANG_WARN_INT_CONVERSION = YES;
				CLANG_WARN_NON_LITERAL_NULL_CONVERSION = YES;
				CLANG_WARN_OBJC_LITERAL_CONVERSION = YES;
				CLANG_WARN_OBJC_ROOT_CLASS = YES_ERROR;
				CLANG_WARN_RANGE_LOOP_ANALYSIS = YES;
				CLANG_WARN_STRICT_PROTOTYPES = YES;
				CLANG_WARN_SUSPICIOUS_MOVE = YES;
				CLANG_WARN_UNGUARDED_AVAILABILITY = YES_AGGRESSIVE;
				CLANG_WARN_UNREACHABLE_CODE = YES;
				CLANG_WARN__DUPLICATE_METHOD_MATCH = YES;
				CODE_SIGN_IDENTITY = "iPhone Developer";
				COPY_PHASE_STRIP = NO;
				DEBUG_INFORMATION_FORMAT = "dwarf-with-dsym";
				ENABLE_NS_ASSERTIONS = NO;
				ENABLE_STRICT_OBJC_MSGSEND = YES;
				GCC_C_LANGUAGE_STANDARD = gnu11;
				GCC_NO_COMMON_BLOCKS = YES;
				GCC_WARN_64_TO_32_BIT_CONVERSION = YES;
				GCC_WARN_ABOUT_RETURN_TYPE = YES_ERROR;
				GCC_WARN_UNDECLARED_SELECTOR = YES;
				GCC_WARN_UNINITIALIZED_AUTOS = YES_AGGRESSIVE;
				GCC_WARN_UNUSED_FUNCTION = YES;
				GCC_WARN_UNUSED_VARIABLE = YES;
				IPHONEOS_DEPLOYMENT_TARGET = 11.2;
				MTL_ENABLE_DEBUG_INFO = NO;
				SDKROOT = iphoneos;
				SWIFT_COMPILATION_MODE = wholemodule;
				SWIFT_OPTIMIZATION_LEVEL = "-O";
				VALIDATE_PRODUCT = YES;
			};
			name = Release;
		};
		1A49D8E6206C01FC0001FCD3 /* Debug */ = {
			isa = XCBuildConfiguration;
			buildSettings = {
				ASSETCATALOG_COMPILER_APPICON_NAME = AppIcon;
				CODE_SIGN_STYLE = Automatic;
				DEVELOPMENT_TEAM = 24RC3B3A2H;
				FRAMEWORK_SEARCH_PATHS = (
					"$(inherited)",
					"$(PROJECT_DIR)/Carthage/Build/iOS",
				);
				INFOPLIST_FILE = ImageSearch/Info.plist;
				LD_RUNPATH_SEARCH_PATHS = (
					"$(inherited)",
					"@executable_path/Frameworks",
				);
				PRODUCT_BUNDLE_IDENTIFIER = org.name.ImageSearch;
				PRODUCT_NAME = "$(TARGET_NAME)";
				SWIFT_VERSION = 4.0;
				TARGETED_DEVICE_FAMILY = "1,2";
			};
			name = Debug;
		};
		1A49D8E7206C01FC0001FCD3 /* Release */ = {
			isa = XCBuildConfiguration;
			buildSettings = {
				ASSETCATALOG_COMPILER_APPICON_NAME = AppIcon;
				CODE_SIGN_STYLE = Automatic;
				DEVELOPMENT_TEAM = 24RC3B3A2H;
				FRAMEWORK_SEARCH_PATHS = (
					"$(inherited)",
					"$(PROJECT_DIR)/Carthage/Build/iOS",
				);
				INFOPLIST_FILE = ImageSearch/Info.plist;
				LD_RUNPATH_SEARCH_PATHS = (
					"$(inherited)",
					"@executable_path/Frameworks",
				);
				PRODUCT_BUNDLE_IDENTIFIER = org.name.ImageSearch;
				PRODUCT_NAME = "$(TARGET_NAME)";
				SWIFT_VERSION = 4.0;
				TARGETED_DEVICE_FAMILY = "1,2";
			};
			name = Release;
		};
		1A49D8E9206C01FC0001FCD3 /* Debug */ = {
			isa = XCBuildConfiguration;
			buildSettings = {
				ALWAYS_EMBED_SWIFT_STANDARD_LIBRARIES = YES;
				BUNDLE_LOADER = "$(TEST_HOST)";
				CODE_SIGN_STYLE = Automatic;
				DEVELOPMENT_TEAM = 24RC3B3A2H;
				INFOPLIST_FILE = ImageSearchTests/Info.plist;
				LD_RUNPATH_SEARCH_PATHS = (
					"$(inherited)",
					"@executable_path/Frameworks",
					"@loader_path/Frameworks",
				);
				PRODUCT_BUNDLE_IDENTIFIER = org.name.ImageSearchTests;
				PRODUCT_NAME = "$(TARGET_NAME)";
				SWIFT_VERSION = 4.0;
				TARGETED_DEVICE_FAMILY = "1,2";
				TEST_HOST = "$(BUILT_PRODUCTS_DIR)/ImageSearch.app/ImageSearch";
			};
			name = Debug;
		};
		1A49D8EA206C01FC0001FCD3 /* Release */ = {
			isa = XCBuildConfiguration;
			buildSettings = {
				ALWAYS_EMBED_SWIFT_STANDARD_LIBRARIES = YES;
				BUNDLE_LOADER = "$(TEST_HOST)";
				CODE_SIGN_STYLE = Automatic;
				DEVELOPMENT_TEAM = 24RC3B3A2H;
				INFOPLIST_FILE = ImageSearchTests/Info.plist;
				LD_RUNPATH_SEARCH_PATHS = (
					"$(inherited)",
					"@executable_path/Frameworks",
					"@loader_path/Frameworks",
				);
				PRODUCT_BUNDLE_IDENTIFIER = org.name.ImageSearchTests;
				PRODUCT_NAME = "$(TARGET_NAME)";
				SWIFT_VERSION = 4.0;
				TARGETED_DEVICE_FAMILY = "1,2";
				TEST_HOST = "$(BUILT_PRODUCTS_DIR)/ImageSearch.app/ImageSearch";
			};
			name = Release;
		};
/* End XCBuildConfiguration section */

/* Begin XCConfigurationList section */
		1A49D8C3206C01FC0001FCD3 /* Build configuration list for PBXProject "ImageSearch" */ = {
			isa = XCConfigurationList;
			buildConfigurations = (
				1A49D8E3206C01FC0001FCD3 /* Debug */,
				1A49D8E4206C01FC0001FCD3 /* Release */,
			);
			defaultConfigurationIsVisible = 0;
			defaultConfigurationName = Release;
		};
		1A49D8E5206C01FC0001FCD3 /* Build configuration list for PBXNativeTarget "ImageSearch" */ = {
			isa = XCConfigurationList;
			buildConfigurations = (
				1A49D8E6206C01FC0001FCD3 /* Debug */,
				1A49D8E7206C01FC0001FCD3 /* Release */,
			);
			defaultConfigurationIsVisible = 0;
			defaultConfigurationName = Release;
		};
		1A49D8E8206C01FC0001FCD3 /* Build configuration list for PBXNativeTarget "ImageSearchTests" */ = {
			isa = XCConfigurationList;
			buildConfigurations = (
				1A49D8E9206C01FC0001FCD3 /* Debug */,
				1A49D8EA206C01FC0001FCD3 /* Release */,
			);
			defaultConfigurationIsVisible = 0;
			defaultConfigurationName = Release;
		};
/* End XCConfigurationList section */

/* Begin XCRemoteSwiftPackageReference section */
		1A2EB6ED258FA8E8004CBCA3 /* XCRemoteSwiftPackageReference "Kingfisher" */ = {
			isa = XCRemoteSwiftPackageReference;
			repositoryURL = "https://github.com/onevcat/Kingfisher.git";
			requirement = {
				kind = upToNextMajorVersion;
				minimumVersion = 5.15.8;
			};
		};
/* End XCRemoteSwiftPackageReference section */

/* Begin XCSwiftPackageProductDependency section */
		1A2EB6EE258FA8E8004CBCA3 /* Kingfisher */ = {
			isa = XCSwiftPackageProductDependency;
			package = 1A2EB6ED258FA8E8004CBCA3 /* XCRemoteSwiftPackageReference "Kingfisher" */;
			productName = Kingfisher;
		};
/* End XCSwiftPackageProductDependency section */
	};
	rootObject = 1A49D8C0206C01FC0001FCD3 /* Project object */;
}
